
Microsoft Visual Studio Solution File, Format Version 12.00
# Visual Studio 15
VisualStudioVersion = 15.0.26228.9
MinimumVisualStudioVersion = 10.0.40219.1
Project("{2150E333-8FDC-42A3-9474-1A3956D46DE8}") = "Solution Items", "Solution Items", "{4A67EA8C-9C7B-4922-B3AD-562C1D951BA6}"
	ProjectSection(SolutionItems) = preProject
		appveyor.yml = appveyor.yml
		CHANGELOG.md = CHANGELOG.md
		LICENSE.txt = LICENSE.txt
		README.md = README.md
	EndProjectSection
EndProject
Project("{2150E333-8FDC-42A3-9474-1A3956D46DE8}") = ".github", ".github", "{45F21044-BE67-42F9-B1E3-9144E6393A9E}"
	ProjectSection(SolutionItems) = preProject
		.github\CONTRIBUTING.md = .github\CONTRIBUTING.md
		.github\ISSUE_TEMPLATE.md = .github\ISSUE_TEMPLATE.md
	EndProjectSection
EndProject
Project("{2150E333-8FDC-42A3-9474-1A3956D46DE8}") = "art", "art", "{EEC8A7EF-48B6-48C8-BDBF-BD643B36D82B}"
	ProjectSection(SolutionItems) = preProject
		art\aftercommand.png = art\aftercommand.png
		art\demo.mp4 = art\demo.mp4
		art\menu.png = art\menu.png
	EndProjectSection
EndProject
Project("{FAE04EC0-301F-11D3-BF4B-00C04F79EFBC}") = "MakeBddName", "src\MakeBddName.csproj", "{85AD9489-1503-4806-999A-9C27949619A3}"
EndProject
Project("{FAE04EC0-301F-11D3-BF4B-00C04F79EFBC}") = "MakeBddNameTests", "src\MakeBddNameTests\MakeBddNameTests.csproj", "{38FB2F13-0FA5-4CDC-B58F-8580C7CA78DA}"
EndProject
Global
	GlobalSection(SolutionConfigurationPlatforms) = preSolution
		Debug|Any CPU = Debug|Any CPU
		Release|Any CPU = Release|Any CPU
	EndGlobalSection
	GlobalSection(ProjectConfigurationPlatforms) = postSolution
		{85AD9489-1503-4806-999A-9C27949619A3}.Debug|Any CPU.ActiveCfg = Debug|Any CPU
		{85AD9489-1503-4806-999A-9C27949619A3}.Debug|Any CPU.Build.0 = Debug|Any CPU
		{85AD9489-1503-4806-999A-9C27949619A3}.Release|Any CPU.ActiveCfg = Release|Any CPU
		{85AD9489-1503-4806-999A-9C27949619A3}.Release|Any CPU.Build.0 = Release|Any CPU
		{38FB2F13-0FA5-4CDC-B58F-8580C7CA78DA}.Debug|Any CPU.ActiveCfg = Debug|Any CPU
		{38FB2F13-0FA5-4CDC-B58F-8580C7CA78DA}.Debug|Any CPU.Build.0 = Debug|Any CPU
		{38FB2F13-0FA5-4CDC-B58F-8580C7CA78DA}.Release|Any CPU.ActiveCfg = Release|Any CPU
		{38FB2F13-0FA5-4CDC-B58F-8580C7CA78DA}.Release|Any CPU.Build.0 = Release|Any CPU
	EndGlobalSection
	GlobalSection(SolutionProperties) = preSolution
		HideSolutionNode = FALSE
	EndGlobalSection
EndGlobal
