
Microsoft Visual Studio Solution File, Format Version 12.00
# Visual Studio 15
VisualStudioVersion = 15.0.28307.902
MinimumVisualStudioVersion = 10.0.40219.1
Project("{2150E333-8FDC-42A3-9474-1A3956D46DE8}") = "Solution Items", "Solution Items", "{97CF8B5A-C882-42A8-8886-5201932EAD16}"
	ProjectSection(SolutionItems) = preProject
		.editorconfig = .editorconfig
		.gitattributes = .gitattributes
		.gitignore = .gitignore
		appveyor.yml = appveyor.yml
		CHANGELOG.md = CHANGELOG.md
		LICENSE = LICENSE
		README.md = README.md
	EndProjectSection
EndProject
Project("{2150E333-8FDC-42A3-9474-1A3956D46DE8}") = ".github", ".github", "{FE185AEB-513F-44B4-B1B0-A6302033B1BD}"
	ProjectSection(SolutionItems) = preProject
		.github\CONTRIBUTING.md = .github\CONTRIBUTING.md
		.github\ISSUE_TEMPLATE.md = .github\ISSUE_TEMPLATE.md
	EndProjectSection
EndProject
Project("{2150E333-8FDC-42A3-9474-1A3956D46DE8}") = "art", "art", "{DD1930D2-83A6-4BF0-B5CA-F0A888F685E6}"
	ProjectSection(SolutionItems) = preProject
		art\aftercommand.png = art\aftercommand.png
		art\demo.mp4 = art\demo.mp4
		art\menu.png = art\menu.png
		art\options.png = art\options.png
	EndProjectSection
EndProject
Project("{FAE04EC0-301F-11D3-BF4B-00C04F79EFBC}") = "MakeBddName", "src\MakeBddName\MakeBddName.csproj", "{DAAEBC3C-52A3-4CC0-9948-16662FA0BDDA}"
EndProject
Project("{FAE04EC0-301F-11D3-BF4B-00C04F79EFBC}") = "MakeBddNameTests", "src\MakeBddNameTests\MakeBddNameTests.csproj", "{2BB3AB2A-27C1-4B3A-90E1-C7E2007680E3}"
EndProject
Global
	GlobalSection(SolutionConfigurationPlatforms) = preSolution
		Debug|Any CPU = Debug|Any CPU
		Release|Any CPU = Release|Any CPU
	EndGlobalSection
	GlobalSection(ProjectConfigurationPlatforms) = postSolution
		{DAAEBC3C-52A3-4CC0-9948-16662FA0BDDA}.Debug|Any CPU.ActiveCfg = Debug|Any CPU
		{DAAEBC3C-52A3-4CC0-9948-16662FA0BDDA}.Debug|Any CPU.Build.0 = Debug|Any CPU
		{DAAEBC3C-52A3-4CC0-9948-16662FA0BDDA}.Release|Any CPU.ActiveCfg = Release|Any CPU
		{DAAEBC3C-52A3-4CC0-9948-16662FA0BDDA}.Release|Any CPU.Build.0 = Release|Any CPU
		{2BB3AB2A-27C1-4B3A-90E1-C7E2007680E3}.Debug|Any CPU.ActiveCfg = Debug|Any CPU
		{2BB3AB2A-27C1-4B3A-90E1-C7E2007680E3}.Debug|Any CPU.Build.0 = Debug|Any CPU
		{2BB3AB2A-27C1-4B3A-90E1-C7E2007680E3}.Release|Any CPU.ActiveCfg = Release|Any CPU
		{2BB3AB2A-27C1-4B3A-90E1-C7E2007680E3}.Release|Any CPU.Build.0 = Release|Any CPU
	EndGlobalSection
	GlobalSection(SolutionProperties) = preSolution
		HideSolutionNode = FALSE
	EndGlobalSection
	GlobalSection(ExtensibilityGlobals) = postSolution
		SolutionGuid = {BEC5DBF5-176A-4DEA-AFF7-105F538CE203}
	EndGlobalSection
EndGlobal
